
Microsoft Visual Studio Solution File, Format Version 12.00
# Visual Studio Version 17
VisualStudioVersion = 17.0.31903.59
MinimumVisualStudioVersion = 10.0.40219.1
Project("{FAE04EC0-301F-11D3-BF4B-00C04F79EFBC}") = "api-simpledesk", "api-simpledesk\api-simpledesk.csproj", "{CCA86D78-4A7A-4AB2-ABB3-CCC7C32A7F7D}"
EndProject
Global
	GlobalSection(SolutionConfigurationPlatforms) = preSolution
		Debug|Any CPU = Debug|Any CPU
		Release|Any CPU = Release|Any CPU
	EndGlobalSection
	GlobalSection(ProjectConfigurationPlatforms) = postSolution
		{CCA86D78-4A7A-4AB2-ABB3-CCC7C32A7F7D}.Debug|Any CPU.ActiveCfg = Debug|Any CPU
		{CCA86D78-4A7A-4AB2-ABB3-CCC7C32A7F7D}.Debug|Any CPU.Build.0 = Debug|Any CPU
		{CCA86D78-4A7A-4AB2-ABB3-CCC7C32A7F7D}.Release|Any CPU.ActiveCfg = Release|Any CPU
		{CCA86D78-4A7A-4AB2-ABB3-CCC7C32A7F7D}.Release|Any CPU.Build.0 = Release|Any CPU
	EndGlobalSection
	GlobalSection(SolutionProperties) = preSolution
		HideSolutionNode = FALSE
	EndGlobalSection
EndGlobal
